
Microsoft Visual Studio Solution File, Format Version 12.00
# Visual Studio Version 16
VisualStudioVersion = 16.0.30114.105
MinimumVisualStudioVersion = 10.0.40219.1
Project("{2150E333-8FDC-42A3-9474-1A3956D46DE8}") = "src", "src", "{26923B22-4847-489B-A5CB-FB45439279A3}"
EndProject
Project("{F2A71F9B-5D33-465A-A702-920D77279786}") = "SampleSQLProviderApp", "src\SampleSQLProviderApp\SampleSQLProviderApp.fsproj", "{87C1EFA2-F556-4DB3-AD59-9096A0A4813F}"
EndProject
Project("{F2A71F9B-5D33-465A-A702-920D77279786}") = "Migrations", "src\Migrations\Migrations.fsproj", "{784B3306-FF30-44C2-932F-197636C59CD5}"
EndProject
Global
	GlobalSection(SolutionConfigurationPlatforms) = preSolution
		Debug|Any CPU = Debug|Any CPU
		Debug|x64 = Debug|x64
		Debug|x86 = Debug|x86
		Release|Any CPU = Release|Any CPU
		Release|x64 = Release|x64
		Release|x86 = Release|x86
	EndGlobalSection
	GlobalSection(SolutionProperties) = preSolution
		HideSolutionNode = FALSE
	EndGlobalSection
	GlobalSection(ProjectConfigurationPlatforms) = postSolution
		{87C1EFA2-F556-4DB3-AD59-9096A0A4813F}.Debug|Any CPU.ActiveCfg = Debug|Any CPU
		{87C1EFA2-F556-4DB3-AD59-9096A0A4813F}.Debug|Any CPU.Build.0 = Debug|Any CPU
		{87C1EFA2-F556-4DB3-AD59-9096A0A4813F}.Debug|x64.ActiveCfg = Debug|Any CPU
		{87C1EFA2-F556-4DB3-AD59-9096A0A4813F}.Debug|x64.Build.0 = Debug|Any CPU
		{87C1EFA2-F556-4DB3-AD59-9096A0A4813F}.Debug|x86.ActiveCfg = Debug|Any CPU
		{87C1EFA2-F556-4DB3-AD59-9096A0A4813F}.Debug|x86.Build.0 = Debug|Any CPU
		{87C1EFA2-F556-4DB3-AD59-9096A0A4813F}.Release|Any CPU.ActiveCfg = Release|Any CPU
		{87C1EFA2-F556-4DB3-AD59-9096A0A4813F}.Release|Any CPU.Build.0 = Release|Any CPU
		{87C1EFA2-F556-4DB3-AD59-9096A0A4813F}.Release|x64.ActiveCfg = Release|Any CPU
		{87C1EFA2-F556-4DB3-AD59-9096A0A4813F}.Release|x64.Build.0 = Release|Any CPU
		{87C1EFA2-F556-4DB3-AD59-9096A0A4813F}.Release|x86.ActiveCfg = Release|Any CPU
		{87C1EFA2-F556-4DB3-AD59-9096A0A4813F}.Release|x86.Build.0 = Release|Any CPU
		{784B3306-FF30-44C2-932F-197636C59CD5}.Debug|Any CPU.ActiveCfg = Debug|Any CPU
		{784B3306-FF30-44C2-932F-197636C59CD5}.Debug|Any CPU.Build.0 = Debug|Any CPU
		{784B3306-FF30-44C2-932F-197636C59CD5}.Debug|x64.ActiveCfg = Debug|Any CPU
		{784B3306-FF30-44C2-932F-197636C59CD5}.Debug|x64.Build.0 = Debug|Any CPU
		{784B3306-FF30-44C2-932F-197636C59CD5}.Debug|x86.ActiveCfg = Debug|Any CPU
		{784B3306-FF30-44C2-932F-197636C59CD5}.Debug|x86.Build.0 = Debug|Any CPU
		{784B3306-FF30-44C2-932F-197636C59CD5}.Release|Any CPU.ActiveCfg = Release|Any CPU
		{784B3306-FF30-44C2-932F-197636C59CD5}.Release|Any CPU.Build.0 = Release|Any CPU
		{784B3306-FF30-44C2-932F-197636C59CD5}.Release|x64.ActiveCfg = Release|Any CPU
		{784B3306-FF30-44C2-932F-197636C59CD5}.Release|x64.Build.0 = Release|Any CPU
		{784B3306-FF30-44C2-932F-197636C59CD5}.Release|x86.ActiveCfg = Release|Any CPU
		{784B3306-FF30-44C2-932F-197636C59CD5}.Release|x86.Build.0 = Release|Any CPU
	EndGlobalSection
	GlobalSection(NestedProjects) = preSolution
		{87C1EFA2-F556-4DB3-AD59-9096A0A4813F} = {26923B22-4847-489B-A5CB-FB45439279A3}
		{784B3306-FF30-44C2-932F-197636C59CD5} = {26923B22-4847-489B-A5CB-FB45439279A3}
	EndGlobalSection
EndGlobal
